{
  "object": {
    "pins": [
      {
        "package": "CGPointExtension",
        "repositoryURL": "https://github.com/shangmaumau/CGPointExtension",
        "state": {
          "branch": "main",
          "revision": "6a79c75922423bbaeccced99dac11d71705da7b1",
          "version": null
        }
      }
    ]
  },
  "version": 1
}
